
Microsoft Visual Studio Solution File, Format Version 12.00
# Visual Studio 15
VisualStudioVersion = 15.0.28307.168
MinimumVisualStudioVersion = 10.0.40219.1
Project("{FAE04EC0-301F-11D3-BF4B-00C04F79EFBC}") = "Aitest", "Aitest\Aitest.csproj", "{3A4EB6EA-7B4F-489E-A231-0E95B8C2D1A4}"
EndProject
Global
	GlobalSection(SolutionConfigurationPlatforms) = preSolution
		Debug|Any CPU = Debug|Any CPU
		Release|Any CPU = Release|Any CPU
	EndGlobalSection
	GlobalSection(ProjectConfigurationPlatforms) = postSolution
		{3A4EB6EA-7B4F-489E-A231-0E95B8C2D1A4}.Debug|Any CPU.ActiveCfg = Debug|Any CPU
		{3A4EB6EA-7B4F-489E-A231-0E95B8C2D1A4}.Debug|Any CPU.Build.0 = Debug|Any CPU
		{3A4EB6EA-7B4F-489E-A231-0E95B8C2D1A4}.Release|Any CPU.ActiveCfg = Release|Any CPU
		{3A4EB6EA-7B4F-489E-A231-0E95B8C2D1A4}.Release|Any CPU.Build.0 = Release|Any CPU
	EndGlobalSection
	GlobalSection(SolutionProperties) = preSolution
		HideSolutionNode = FALSE
	EndGlobalSection
	GlobalSection(ExtensibilityGlobals) = postSolution
		SolutionGuid = {3D1E237D-F5EC-43EA-BF21-F8D5FC3694AB}
	EndGlobalSection
EndGlobal
